
Microsoft Visual Studio Solution File, Format Version 12.00
# Visual Studio Version 17
VisualStudioVersion = 17.4.33103.184
MinimumVisualStudioVersion = 10.0.40219.1
Project("{2150E333-8FDC-42A3-9474-1A3956D46DE8}") = "Presentation", "Presentation", "{8E4357AB-FE2E-402B-B61B-E1156676D1B7}"
EndProject
Project("{2150E333-8FDC-42A3-9474-1A3956D46DE8}") = "Source", "Source", "{C229D24E-7E7A-430A-8D2C-27583570D681}"
EndProject
Project("{2150E333-8FDC-42A3-9474-1A3956D46DE8}") = "Domain", "Domain", "{37566230-0739-48DD-84AC-442A30DF6ACF}"
EndProject
Project("{2150E333-8FDC-42A3-9474-1A3956D46DE8}") = "Application", "Application", "{3F35E99E-92BD-4BC1-854A-6CCB82886B67}"
EndProject
Project("{2150E333-8FDC-42A3-9474-1A3956D46DE8}") = "Infrastructure", "Infrastructure", "{687BB684-820F-4912-931F-DD261D083C64}"
EndProject
Project("{9A19103F-16F7-4668-BE54-9A1E7A4F7556}") = "Infrastructure.Core", "Infrastructure.Core\Infrastructure.Core.csproj", "{7A8B2D79-CA58-460A-A431-C9F855C2735E}"
EndProject
Project("{9A19103F-16F7-4668-BE54-9A1E7A4F7556}") = "Infrastructure.Persistence", "Infrastructure.Persistence\Infrastructure.Persistence.csproj", "{A4164E45-6D38-4624-A682-B1C00EAC1DAA}"
EndProject
Project("{9A19103F-16F7-4668-BE54-9A1E7A4F7556}") = "Application.Command", "Application.Command\Application.Command.csproj", "{41AA342A-7BDE-4EE8-8616-CDE34ED07BC0}"
EndProject
Project("{9A19103F-16F7-4668-BE54-9A1E7A4F7556}") = "Application.Query", "Application.Query\Application.Query.csproj", "{F1827CFC-E38E-4F1D-B58C-EEA454B9B629}"
EndProject
Project("{9A19103F-16F7-4668-BE54-9A1E7A4F7556}") = "Application.DTO", "Application.DTO\Application.DTO.csproj", "{328C6852-B851-42DC-BB25-4EAE635A712D}"
EndProject
Project("{9A19103F-16F7-4668-BE54-9A1E7A4F7556}") = "Application.Interface", "Application.Interface\Application.Interface.csproj", "{040937E5-546F-4621-86FA-9E45039B7C65}"
EndProject
Project("{9A19103F-16F7-4668-BE54-9A1E7A4F7556}") = "Application.ObjectMapping", "Application.ObjectMapping\Application.ObjectMapping.csproj", "{8074F2B0-2940-4FAB-B9FA-33A4998285D5}"
EndProject
Project("{9A19103F-16F7-4668-BE54-9A1E7A4F7556}") = "Domain", "Domain\Domain.csproj", "{32CBA2D4-3E45-493A-B085-4C40FA04305C}"
EndProject
Project("{FAE04EC0-301F-11D3-BF4B-00C04F79EFBC}") = "DroneProject", "DroneProject\DroneProject.csproj", "{3E708F00-74AB-4C71-BA97-CB7CC9200204}"
EndProject
Global
	GlobalSection(SolutionConfigurationPlatforms) = preSolution
		Debug|Any CPU = Debug|Any CPU
		Release|Any CPU = Release|Any CPU
	EndGlobalSection
	GlobalSection(ProjectConfigurationPlatforms) = postSolution
		{7A8B2D79-CA58-460A-A431-C9F855C2735E}.Debug|Any CPU.ActiveCfg = Debug|Any CPU
		{7A8B2D79-CA58-460A-A431-C9F855C2735E}.Debug|Any CPU.Build.0 = Debug|Any CPU
		{7A8B2D79-CA58-460A-A431-C9F855C2735E}.Release|Any CPU.ActiveCfg = Release|Any CPU
		{7A8B2D79-CA58-460A-A431-C9F855C2735E}.Release|Any CPU.Build.0 = Release|Any CPU
		{A4164E45-6D38-4624-A682-B1C00EAC1DAA}.Debug|Any CPU.ActiveCfg = Debug|Any CPU
		{A4164E45-6D38-4624-A682-B1C00EAC1DAA}.Debug|Any CPU.Build.0 = Debug|Any CPU
		{A4164E45-6D38-4624-A682-B1C00EAC1DAA}.Release|Any CPU.ActiveCfg = Release|Any CPU
		{A4164E45-6D38-4624-A682-B1C00EAC1DAA}.Release|Any CPU.Build.0 = Release|Any CPU
		{41AA342A-7BDE-4EE8-8616-CDE34ED07BC0}.Debug|Any CPU.ActiveCfg = Debug|Any CPU
		{41AA342A-7BDE-4EE8-8616-CDE34ED07BC0}.Debug|Any CPU.Build.0 = Debug|Any CPU
		{41AA342A-7BDE-4EE8-8616-CDE34ED07BC0}.Release|Any CPU.ActiveCfg = Release|Any CPU
		{41AA342A-7BDE-4EE8-8616-CDE34ED07BC0}.Release|Any CPU.Build.0 = Release|Any CPU
		{F1827CFC-E38E-4F1D-B58C-EEA454B9B629}.Debug|Any CPU.ActiveCfg = Debug|Any CPU
		{F1827CFC-E38E-4F1D-B58C-EEA454B9B629}.Debug|Any CPU.Build.0 = Debug|Any CPU
		{F1827CFC-E38E-4F1D-B58C-EEA454B9B629}.Release|Any CPU.ActiveCfg = Release|Any CPU
		{F1827CFC-E38E-4F1D-B58C-EEA454B9B629}.Release|Any CPU.Build.0 = Release|Any CPU
		{328C6852-B851-42DC-BB25-4EAE635A712D}.Debug|Any CPU.ActiveCfg = Debug|Any CPU
		{328C6852-B851-42DC-BB25-4EAE635A712D}.Debug|Any CPU.Build.0 = Debug|Any CPU
		{328C6852-B851-42DC-BB25-4EAE635A712D}.Release|Any CPU.ActiveCfg = Release|Any CPU
		{328C6852-B851-42DC-BB25-4EAE635A712D}.Release|Any CPU.Build.0 = Release|Any CPU
		{040937E5-546F-4621-86FA-9E45039B7C65}.Debug|Any CPU.ActiveCfg = Debug|Any CPU
		{040937E5-546F-4621-86FA-9E45039B7C65}.Debug|Any CPU.Build.0 = Debug|Any CPU
		{040937E5-546F-4621-86FA-9E45039B7C65}.Release|Any CPU.ActiveCfg = Release|Any CPU
		{040937E5-546F-4621-86FA-9E45039B7C65}.Release|Any CPU.Build.0 = Release|Any CPU
		{8074F2B0-2940-4FAB-B9FA-33A4998285D5}.Debug|Any CPU.ActiveCfg = Debug|Any CPU
		{8074F2B0-2940-4FAB-B9FA-33A4998285D5}.Debug|Any CPU.Build.0 = Debug|Any CPU
		{8074F2B0-2940-4FAB-B9FA-33A4998285D5}.Release|Any CPU.ActiveCfg = Release|Any CPU
		{8074F2B0-2940-4FAB-B9FA-33A4998285D5}.Release|Any CPU.Build.0 = Release|Any CPU
		{32CBA2D4-3E45-493A-B085-4C40FA04305C}.Debug|Any CPU.ActiveCfg = Debug|Any CPU
		{32CBA2D4-3E45-493A-B085-4C40FA04305C}.Debug|Any CPU.Build.0 = Debug|Any CPU
		{32CBA2D4-3E45-493A-B085-4C40FA04305C}.Release|Any CPU.ActiveCfg = Release|Any CPU
		{32CBA2D4-3E45-493A-B085-4C40FA04305C}.Release|Any CPU.Build.0 = Release|Any CPU
		{3E708F00-74AB-4C71-BA97-CB7CC9200204}.Debug|Any CPU.ActiveCfg = Debug|Any CPU
		{3E708F00-74AB-4C71-BA97-CB7CC9200204}.Debug|Any CPU.Build.0 = Debug|Any CPU
		{3E708F00-74AB-4C71-BA97-CB7CC9200204}.Release|Any CPU.ActiveCfg = Release|Any CPU
		{3E708F00-74AB-4C71-BA97-CB7CC9200204}.Release|Any CPU.Build.0 = Release|Any CPU
	EndGlobalSection
	GlobalSection(SolutionProperties) = preSolution
		HideSolutionNode = FALSE
	EndGlobalSection
	GlobalSection(NestedProjects) = preSolution
		{8E4357AB-FE2E-402B-B61B-E1156676D1B7} = {C229D24E-7E7A-430A-8D2C-27583570D681}
		{37566230-0739-48DD-84AC-442A30DF6ACF} = {C229D24E-7E7A-430A-8D2C-27583570D681}
		{3F35E99E-92BD-4BC1-854A-6CCB82886B67} = {C229D24E-7E7A-430A-8D2C-27583570D681}
		{687BB684-820F-4912-931F-DD261D083C64} = {C229D24E-7E7A-430A-8D2C-27583570D681}
		{7A8B2D79-CA58-460A-A431-C9F855C2735E} = {687BB684-820F-4912-931F-DD261D083C64}
		{A4164E45-6D38-4624-A682-B1C00EAC1DAA} = {687BB684-820F-4912-931F-DD261D083C64}
		{41AA342A-7BDE-4EE8-8616-CDE34ED07BC0} = {3F35E99E-92BD-4BC1-854A-6CCB82886B67}
		{F1827CFC-E38E-4F1D-B58C-EEA454B9B629} = {3F35E99E-92BD-4BC1-854A-6CCB82886B67}
		{328C6852-B851-42DC-BB25-4EAE635A712D} = {3F35E99E-92BD-4BC1-854A-6CCB82886B67}
		{040937E5-546F-4621-86FA-9E45039B7C65} = {3F35E99E-92BD-4BC1-854A-6CCB82886B67}
		{8074F2B0-2940-4FAB-B9FA-33A4998285D5} = {3F35E99E-92BD-4BC1-854A-6CCB82886B67}
		{32CBA2D4-3E45-493A-B085-4C40FA04305C} = {37566230-0739-48DD-84AC-442A30DF6ACF}
		{3E708F00-74AB-4C71-BA97-CB7CC9200204} = {8E4357AB-FE2E-402B-B61B-E1156676D1B7}
	EndGlobalSection
	GlobalSection(ExtensibilityGlobals) = postSolution
		SolutionGuid = {D05BFD42-58C6-4E5E-A0A9-3F34F1687616}
	EndGlobalSection
EndGlobal
